
Microsoft Visual Studio Solution File, Format Version 12.00
# Visual Studio Version 17
VisualStudioVersion = 17.4.33122.133
MinimumVisualStudioVersion = 10.0.40219.1
Project("{FAE04EC0-301F-11D3-BF4B-00C04F79EFBC}") = "SertGenerate", "SertGenerate\SertGenerate.csproj", "{CC0C5FF0-9745-4D5A-B820-F5905C68F81B}"
EndProject
Global
	GlobalSection(SolutionConfigurationPlatforms) = preSolution
		Debug|Any CPU = Debug|Any CPU
		Release|Any CPU = Release|Any CPU
	EndGlobalSection
	GlobalSection(ProjectConfigurationPlatforms) = postSolution
		{CC0C5FF0-9745-4D5A-B820-F5905C68F81B}.Debug|Any CPU.ActiveCfg = Debug|Any CPU
		{CC0C5FF0-9745-4D5A-B820-F5905C68F81B}.Debug|Any CPU.Build.0 = Debug|Any CPU
		{CC0C5FF0-9745-4D5A-B820-F5905C68F81B}.Release|Any CPU.ActiveCfg = Release|Any CPU
		{CC0C5FF0-9745-4D5A-B820-F5905C68F81B}.Release|Any CPU.Build.0 = Release|Any CPU
	EndGlobalSection
	GlobalSection(SolutionProperties) = preSolution
		HideSolutionNode = FALSE
	EndGlobalSection
	GlobalSection(ExtensibilityGlobals) = postSolution
		SolutionGuid = {4BCF9CF4-C55C-45F0-90B8-B7414E8902B2}
	EndGlobalSection
EndGlobal
